
Microsoft Visual Studio Solution File, Format Version 12.00
# Visual Studio Version 17
VisualStudioVersion = 17.10.34928.147
MinimumVisualStudioVersion = 10.0.40219.1
Project("{8BC9CEB8-8B4A-11D0-8D11-00A0C91BC942}") = "client", "client-server-assignment.vcxproj", "{91DC1476-60B6-4762-91EA-C5E16D8A6C45}"
	ProjectSection(ProjectDependencies) = postProject
		{B0A216D5-F32A-4E1F-8344-C1E9A65555C7} = {B0A216D5-F32A-4E1F-8344-C1E9A65555C7}
	EndProjectSection
EndProject
Project("{8BC9CEB8-8B4A-11D0-8D11-00A0C91BC942}") = "server", "..\server\server.vcxproj", "{B0A216D5-F32A-4E1F-8344-C1E9A65555C7}"
EndProject
Project("{2150E333-8FDC-42A3-9474-1A3956D46DE8}") = "sharedHeaders", "sharedHeaders", "{F5A0DFD4-03E6-430D-9131-0D768439C06A}"
	ProjectSection(SolutionItems) = preProject
		common.hpp = common.hpp
	EndProjectSection
EndProject
Global
	GlobalSection(SolutionConfigurationPlatforms) = preSolution
		Debug|x64 = Debug|x64
		Debug|x86 = Debug|x86
		Release|x64 = Release|x64
		Release|x86 = Release|x86
	EndGlobalSection
	GlobalSection(ProjectConfigurationPlatforms) = postSolution
		{91DC1476-60B6-4762-91EA-C5E16D8A6C45}.Debug|x64.ActiveCfg = Debug|x64
		{91DC1476-60B6-4762-91EA-C5E16D8A6C45}.Debug|x64.Build.0 = Debug|x64
		{91DC1476-60B6-4762-91EA-C5E16D8A6C45}.Debug|x86.ActiveCfg = Debug|Win32
		{91DC1476-60B6-4762-91EA-C5E16D8A6C45}.Debug|x86.Build.0 = Debug|Win32
		{91DC1476-60B6-4762-91EA-C5E16D8A6C45}.Release|x64.ActiveCfg = Release|x64
		{91DC1476-60B6-4762-91EA-C5E16D8A6C45}.Release|x64.Build.0 = Release|x64
		{91DC1476-60B6-4762-91EA-C5E16D8A6C45}.Release|x86.ActiveCfg = Release|Win32
		{91DC1476-60B6-4762-91EA-C5E16D8A6C45}.Release|x86.Build.0 = Release|Win32
		{B0A216D5-F32A-4E1F-8344-C1E9A65555C7}.Debug|x64.ActiveCfg = Debug|x64
		{B0A216D5-F32A-4E1F-8344-C1E9A65555C7}.Debug|x64.Build.0 = Debug|x64
		{B0A216D5-F32A-4E1F-8344-C1E9A65555C7}.Debug|x86.ActiveCfg = Debug|Win32
		{B0A216D5-F32A-4E1F-8344-C1E9A65555C7}.Debug|x86.Build.0 = Debug|Win32
		{B0A216D5-F32A-4E1F-8344-C1E9A65555C7}.Release|x64.ActiveCfg = Release|x64
		{B0A216D5-F32A-4E1F-8344-C1E9A65555C7}.Release|x64.Build.0 = Release|x64
		{B0A216D5-F32A-4E1F-8344-C1E9A65555C7}.Release|x86.ActiveCfg = Release|Win32
		{B0A216D5-F32A-4E1F-8344-C1E9A65555C7}.Release|x86.Build.0 = Release|Win32
	EndGlobalSection
	GlobalSection(SolutionProperties) = preSolution
		HideSolutionNode = FALSE
	EndGlobalSection
	GlobalSection(ExtensibilityGlobals) = postSolution
		SolutionGuid = {35EF6160-3880-40AB-9D82-0CBEF8D8531F}
	EndGlobalSection
EndGlobal
